PODS:
  - CocoaAsyncSocket (7.6.2)
  - MJExtension (3.0.13)
  - Realm (3.13.1):
    - Realm/Headers (= 3.13.1)
  - Realm/Headers (3.13.1)

DEPENDENCIES:
  - CocoaAsyncSocket (~> 7.6.2)
  - MJExtension
  - Realm (~> 3.13.1)

SPEC REPOS:
  https://github.com/CocoaPods/Specs.git:
    - CocoaAsyncSocket
    - MJExtension
    - Realm

SPEC CHECKSUMS:
  CocoaAsyncSocket: 3541e024f48c54b251638ef72d51dd42808de932
  MJExtension: 5932755f451458eefa24239358817f8d291240c7
  Realm: 50071da38fe079e0735e47c9f2eae738c68c5996

PODFILE CHECKSUM: 0f37d56347bbf1b372331980849bd3f4e213a5e4

COCOAPODS: 1.5.0
